
Microsoft Visual Studio Solution File, Format Version 12.00
# Visual Studio Version 17
VisualStudioVersion = 17.3.32825.248
MinimumVisualStudioVersion = 10.0.40219.1
Project("{FAE04EC0-301F-11D3-BF4B-00C04F79EFBC}") = "Lab_8.2", "Lab_8.2.csproj", "{E3B655FB-109F-4C26-95E6-0F638BF2BA52}"
EndProject
Global
	GlobalSection(SolutionConfigurationPlatforms) = preSolution
		Debug|Any CPU = Debug|Any CPU
		Release|Any CPU = Release|Any CPU
	EndGlobalSection
	GlobalSection(ProjectConfigurationPlatforms) = postSolution
		{E3B655FB-109F-4C26-95E6-0F638BF2BA52}.Debug|Any CPU.ActiveCfg = Debug|Any CPU
		{E3B655FB-109F-4C26-95E6-0F638BF2BA52}.Debug|Any CPU.Build.0 = Debug|Any CPU
		{E3B655FB-109F-4C26-95E6-0F638BF2BA52}.Release|Any CPU.ActiveCfg = Release|Any CPU
		{E3B655FB-109F-4C26-95E6-0F638BF2BA52}.Release|Any CPU.Build.0 = Release|Any CPU
	EndGlobalSection
	GlobalSection(SolutionProperties) = preSolution
		HideSolutionNode = FALSE
	EndGlobalSection
	GlobalSection(ExtensibilityGlobals) = postSolution
		SolutionGuid = {CBE42ECB-2603-4021-A35B-2D22C328299F}
	EndGlobalSection
EndGlobal
